
Microsoft Visual Studio Solution File, Format Version 12.00
# Visual Studio Version 16
VisualStudioVersion = 16.0.30406.217
MinimumVisualStudioVersion = 10.0.40219.1
Project("{9A19103F-16F7-4668-BE54-9A1E7A4F7556}") = "MassTransit7RabbitMQ", "MassTransit7RabbitMQ.csproj", "{59CDFCBC-43E8-4045-886B-EA8EC9C5ACED}"
EndProject
Global
	GlobalSection(SolutionConfigurationPlatforms) = preSolution
		Debug|Any CPU = Debug|Any CPU
		Release|Any CPU = Release|Any CPU
	EndGlobalSection
	GlobalSection(ProjectConfigurationPlatforms) = postSolution
		{59CDFCBC-43E8-4045-886B-EA8EC9C5ACED}.Debug|Any CPU.ActiveCfg = Debug|Any CPU
		{59CDFCBC-43E8-4045-886B-EA8EC9C5ACED}.Debug|Any CPU.Build.0 = Debug|Any CPU
		{59CDFCBC-43E8-4045-886B-EA8EC9C5ACED}.Release|Any CPU.ActiveCfg = Release|Any CPU
		{59CDFCBC-43E8-4045-886B-EA8EC9C5ACED}.Release|Any CPU.Build.0 = Release|Any CPU
	EndGlobalSection
	GlobalSection(SolutionProperties) = preSolution
		HideSolutionNode = FALSE
	EndGlobalSection
	GlobalSection(ExtensibilityGlobals) = postSolution
		SolutionGuid = {39796A46-DD08-448D-A8CA-C67320A03E67}
	EndGlobalSection
EndGlobal
